
Microsoft Visual Studio Solution File, Format Version 12.00
# Visual Studio Version 16
VisualStudioVersion = 25.0.1705.0
MinimumVisualStudioVersion = 10.0.40219.1
Project("{FAE04EC0-301F-11D3-BF4B-00C04F79EFBC}") = "zd1", "zd1\zd1.csproj", "{6C59F345-33D1-4B71-A84E-FDB566AE3639}"
EndProject
Project("{FAE04EC0-301F-11D3-BF4B-00C04F79EFBC}") = "zd2", "zd2\zd2.csproj", "{0DBB8564-71A2-47D0-B0B1-E555041A5CF2}"
EndProject
Project("{FAE04EC0-301F-11D3-BF4B-00C04F79EFBC}") = "zd3", "zd3\zd3.csproj", "{815A2A3C-02DB-49D5-A533-CA7DF1C75B0A}"
EndProject
Global
	GlobalSection(SolutionConfigurationPlatforms) = preSolution
		Debug|Any CPU = Debug|Any CPU
		Release|Any CPU = Release|Any CPU
	EndGlobalSection
	GlobalSection(ProjectConfigurationPlatforms) = postSolution
		{6C59F345-33D1-4B71-A84E-FDB566AE3639}.Debug|Any CPU.ActiveCfg = Debug|Any CPU
		{6C59F345-33D1-4B71-A84E-FDB566AE3639}.Debug|Any CPU.Build.0 = Debug|Any CPU
		{6C59F345-33D1-4B71-A84E-FDB566AE3639}.Release|Any CPU.ActiveCfg = Release|Any CPU
		{6C59F345-33D1-4B71-A84E-FDB566AE3639}.Release|Any CPU.Build.0 = Release|Any CPU
		{0DBB8564-71A2-47D0-B0B1-E555041A5CF2}.Debug|Any CPU.ActiveCfg = Debug|Any CPU
		{0DBB8564-71A2-47D0-B0B1-E555041A5CF2}.Debug|Any CPU.Build.0 = Debug|Any CPU
		{0DBB8564-71A2-47D0-B0B1-E555041A5CF2}.Release|Any CPU.ActiveCfg = Release|Any CPU
		{0DBB8564-71A2-47D0-B0B1-E555041A5CF2}.Release|Any CPU.Build.0 = Release|Any CPU
		{815A2A3C-02DB-49D5-A533-CA7DF1C75B0A}.Debug|Any CPU.ActiveCfg = Debug|Any CPU
		{815A2A3C-02DB-49D5-A533-CA7DF1C75B0A}.Debug|Any CPU.Build.0 = Debug|Any CPU
		{815A2A3C-02DB-49D5-A533-CA7DF1C75B0A}.Release|Any CPU.ActiveCfg = Release|Any CPU
		{815A2A3C-02DB-49D5-A533-CA7DF1C75B0A}.Release|Any CPU.Build.0 = Release|Any CPU
	EndGlobalSection
	GlobalSection(SolutionProperties) = preSolution
		HideSolutionNode = FALSE
	EndGlobalSection
	GlobalSection(ExtensibilityGlobals) = postSolution
		SolutionGuid = {3F988CD3-53FA-422C-A869-813A60E18A03}
	EndGlobalSection
EndGlobal
