
Microsoft Visual Studio Solution File, Format Version 12.00
# Visual Studio Version 16
VisualStudioVersion = 25.0.1705.0
MinimumVisualStudioVersion = 10.0.40219.1
Project("{FAE04EC0-301F-11D3-BF4B-00C04F79EFBC}") = "zd1", "zd1\zd1.csproj", "{254B8475-615B-4414-98D2-23396E52CFF1}"
EndProject
Project("{FAE04EC0-301F-11D3-BF4B-00C04F79EFBC}") = "zd2", "zd2\zd2.csproj", "{363A698C-26AB-4D25-9876-EA790A02001D}"
EndProject
Global
	GlobalSection(SolutionConfigurationPlatforms) = preSolution
		Debug|Any CPU = Debug|Any CPU
		Release|Any CPU = Release|Any CPU
	EndGlobalSection
	GlobalSection(ProjectConfigurationPlatforms) = postSolution
		{254B8475-615B-4414-98D2-23396E52CFF1}.Debug|Any CPU.ActiveCfg = Debug|Any CPU
		{254B8475-615B-4414-98D2-23396E52CFF1}.Debug|Any CPU.Build.0 = Debug|Any CPU
		{254B8475-615B-4414-98D2-23396E52CFF1}.Release|Any CPU.ActiveCfg = Release|Any CPU
		{254B8475-615B-4414-98D2-23396E52CFF1}.Release|Any CPU.Build.0 = Release|Any CPU
		{363A698C-26AB-4D25-9876-EA790A02001D}.Debug|Any CPU.ActiveCfg = Debug|Any CPU
		{363A698C-26AB-4D25-9876-EA790A02001D}.Debug|Any CPU.Build.0 = Debug|Any CPU
		{363A698C-26AB-4D25-9876-EA790A02001D}.Release|Any CPU.ActiveCfg = Release|Any CPU
		{363A698C-26AB-4D25-9876-EA790A02001D}.Release|Any CPU.Build.0 = Release|Any CPU
	EndGlobalSection
	GlobalSection(SolutionProperties) = preSolution
		HideSolutionNode = FALSE
	EndGlobalSection
	GlobalSection(ExtensibilityGlobals) = postSolution
		SolutionGuid = {030B6AA2-3A0F-4D74-A43C-9CEFE99C5D10}
	EndGlobalSection
EndGlobal
