
Microsoft Visual Studio Solution File, Format Version 12.00
# Visual Studio Version 16
VisualStudioVersion = 25.0.1705.0
MinimumVisualStudioVersion = 10.0.40219.1
Project("{FAE04EC0-301F-11D3-BF4B-00C04F79EFBC}") = "zd1", "zd1\zd1.csproj", "{5E103E7F-D7E6-4F17-929E-E367F406F916}"
EndProject
Project("{FAE04EC0-301F-11D3-BF4B-00C04F79EFBC}") = "zd2", "zd2\zd2.csproj", "{2D4EC299-EF8E-4D10-9DCB-D66C85782F0E}"
EndProject
Project("{FAE04EC0-301F-11D3-BF4B-00C04F79EFBC}") = "zd3", "zd3\zd3.csproj", "{00BDE080-59C3-4A26-8A9D-9F4083088AD1}"
EndProject
Project("{FAE04EC0-301F-11D3-BF4B-00C04F79EFBC}") = "zd4", "zd4\zd4.csproj", "{8F269C91-577B-4280-AE1A-C55C980F9324}"
EndProject
Project("{FAE04EC0-301F-11D3-BF4B-00C04F79EFBC}") = "zd5", "zd5\zd5.csproj", "{30D29428-73F2-43D4-829E-E5967B5E60EE}"
EndProject
Global
	GlobalSection(SolutionConfigurationPlatforms) = preSolution
		Debug|Any CPU = Debug|Any CPU
		Release|Any CPU = Release|Any CPU
	EndGlobalSection
	GlobalSection(ProjectConfigurationPlatforms) = postSolution
		{5E103E7F-D7E6-4F17-929E-E367F406F916}.Debug|Any CPU.ActiveCfg = Debug|Any CPU
		{5E103E7F-D7E6-4F17-929E-E367F406F916}.Debug|Any CPU.Build.0 = Debug|Any CPU
		{5E103E7F-D7E6-4F17-929E-E367F406F916}.Release|Any CPU.ActiveCfg = Release|Any CPU
		{5E103E7F-D7E6-4F17-929E-E367F406F916}.Release|Any CPU.Build.0 = Release|Any CPU
		{2D4EC299-EF8E-4D10-9DCB-D66C85782F0E}.Debug|Any CPU.ActiveCfg = Debug|Any CPU
		{2D4EC299-EF8E-4D10-9DCB-D66C85782F0E}.Debug|Any CPU.Build.0 = Debug|Any CPU
		{2D4EC299-EF8E-4D10-9DCB-D66C85782F0E}.Release|Any CPU.ActiveCfg = Release|Any CPU
		{2D4EC299-EF8E-4D10-9DCB-D66C85782F0E}.Release|Any CPU.Build.0 = Release|Any CPU
		{00BDE080-59C3-4A26-8A9D-9F4083088AD1}.Debug|Any CPU.ActiveCfg = Debug|Any CPU
		{00BDE080-59C3-4A26-8A9D-9F4083088AD1}.Debug|Any CPU.Build.0 = Debug|Any CPU
		{00BDE080-59C3-4A26-8A9D-9F4083088AD1}.Release|Any CPU.ActiveCfg = Release|Any CPU
		{00BDE080-59C3-4A26-8A9D-9F4083088AD1}.Release|Any CPU.Build.0 = Release|Any CPU
		{8F269C91-577B-4280-AE1A-C55C980F9324}.Debug|Any CPU.ActiveCfg = Debug|Any CPU
		{8F269C91-577B-4280-AE1A-C55C980F9324}.Debug|Any CPU.Build.0 = Debug|Any CPU
		{8F269C91-577B-4280-AE1A-C55C980F9324}.Release|Any CPU.ActiveCfg = Release|Any CPU
		{8F269C91-577B-4280-AE1A-C55C980F9324}.Release|Any CPU.Build.0 = Release|Any CPU
		{30D29428-73F2-43D4-829E-E5967B5E60EE}.Debug|Any CPU.ActiveCfg = Debug|Any CPU
		{30D29428-73F2-43D4-829E-E5967B5E60EE}.Debug|Any CPU.Build.0 = Debug|Any CPU
		{30D29428-73F2-43D4-829E-E5967B5E60EE}.Release|Any CPU.ActiveCfg = Release|Any CPU
		{30D29428-73F2-43D4-829E-E5967B5E60EE}.Release|Any CPU.Build.0 = Release|Any CPU
	EndGlobalSection
	GlobalSection(SolutionProperties) = preSolution
		HideSolutionNode = FALSE
	EndGlobalSection
	GlobalSection(ExtensibilityGlobals) = postSolution
		SolutionGuid = {A3FED804-5945-4B08-AAD8-9505C9DE9A26}
	EndGlobalSection
EndGlobal
